
Microsoft Visual Studio Solution File, Format Version 12.00
# Visual Studio Version 17
VisualStudioVersion = 17.4.33213.308
MinimumVisualStudioVersion = 10.0.40219.1
Project("{FAE04EC0-301F-11D3-BF4B-00C04F79EFBC}") = "QuadexMastermindGame", "QuadexMastermindGame\QuadexMastermindGame.csproj", "{F50E8790-6EE9-4E3C-B495-6F6E54FDCFA0}"
EndProject
Global
	GlobalSection(SolutionConfigurationPlatforms) = preSolution
		Debug|Any CPU = Debug|Any CPU
		Release|Any CPU = Release|Any CPU
	EndGlobalSection
	GlobalSection(ProjectConfigurationPlatforms) = postSolution
		{F50E8790-6EE9-4E3C-B495-6F6E54FDCFA0}.Debug|Any CPU.ActiveCfg = Debug|Any CPU
		{F50E8790-6EE9-4E3C-B495-6F6E54FDCFA0}.Debug|Any CPU.Build.0 = Debug|Any CPU
		{F50E8790-6EE9-4E3C-B495-6F6E54FDCFA0}.Release|Any CPU.ActiveCfg = Release|Any CPU
		{F50E8790-6EE9-4E3C-B495-6F6E54FDCFA0}.Release|Any CPU.Build.0 = Release|Any CPU
	EndGlobalSection
	GlobalSection(SolutionProperties) = preSolution
		HideSolutionNode = FALSE
	EndGlobalSection
	GlobalSection(ExtensibilityGlobals) = postSolution
		SolutionGuid = {EED7568E-D847-451A-B7E9-23C03DD4A50A}
	EndGlobalSection
EndGlobal
